// !$*UTF8*$!
{
	archiveVersion = 1;
	classes = {
	};
	objectVersion = 53;
	objects = {

/* Begin PBXBuildFile section */
		1498D2341E8E89220040F4C2 /* GeneratedPluginRegistrant.m in Sources */ = {isa = PBXBuildFile; fileRef = 1498D2331E8E89220040F4C2 /* GeneratedPluginRegistrant.m */; };
		1D1B32C845197266F8FC3503 /* GoogleService-Info.plist in Resources */ = {isa = PBXBuildFile; fileRef = 6DDB74D49F17B7ADCE0D002B /* GoogleService-Info.plist */; };
		4A8B54E2FD0B5D939855A373 /* devLaunchScreen.storyboard in Resources */ = {isa = PBXBuildFile; fileRef = F151FECCC03B7582CD17E806 /* devLaunchScreen.storyboard */; };
		539A693928A184740061D41D /* StoreKit.framework in Frameworks */ = {isa = PBXBuildFile; fileRef = 539A693828A184740061D41D /* StoreKit.framework */; };
		53E1175228AF54D400871F8E /* ListTileNativeAdView.xib in Resources */ = {isa = PBXBuildFile; fileRef = 53E1175128AF54D400871F8E /* ListTileNativeAdView.xib */; };
		53F5B19F28AEEA38000D769A /* ListTileNativeAdFactory.swift in Sources */ = {isa = PBXBuildFile; fileRef = 53F5B19E28AEEA38000D769A /* ListTileNativeAdFactory.swift */; };
		53FF5BD728A579D900E797E1 /* flutter_export_environment.sh in Resources */ = {isa = PBXBuildFile; fileRef = 53FF5BD228A579D900E797E1 /* flutter_export_environment.sh */; };
		53FF5BD928A579D900E797E1 /* AppFrameworkInfo.plist in Resources */ = {isa = PBXBuildFile; fileRef = 53FF5BD428A579D900E797E1 /* AppFrameworkInfo.plist */; };
		53FF5BDA28A579D900E797E1 /* Flutter.podspec in Resources */ = {isa = PBXBuildFile; fileRef = 53FF5BD528A579D900E797E1 /* Flutter.podspec */; };
		5C8EC028691C594D24F45D0C /* prodLaunchScreen.storyboard in Resources */ = {isa = PBXBuildFile; fileRef = 9A87BF8C6373DC3723B1B905 /* prodLaunchScreen.storyboard */; };
		63FDDD94C6780C2342B5126B /* Pods_Runner.framework in Frameworks */ = {isa = PBXBuildFile; fileRef = 36AD2D181D8098728DAE9C4F /* Pods_Runner.framework */; };
		74858FAF1ED2DC5600515810 /* AppDelegate.swift in Sources */ = {isa = PBXBuildFile; fileRef = 74858FAE1ED2DC5600515810 /* AppDelegate.swift */; };
		97C146FC1CF9000F007C117D /* Main.storyboard in Resources */ = {isa = PBXBuildFile; fileRef = 97C146FA1CF9000F007C117D /* Main.storyboard */; };
		97C146FE1CF9000F007C117D /* Assets.xcassets in Resources */ = {isa = PBXBuildFile; fileRef = 97C146FD1CF9000F007C117D /* Assets.xcassets */; };
		97C147011CF9000F007C117D /* LaunchScreen.storyboard in Resources */ = {isa = PBXBuildFile; fileRef = 97C146FF1CF9000F007C117D /* LaunchScreen.storyboard */; };
/* End PBXBuildFile section */

/* Begin PBXFileReference section */
		0D3390228B5A7AAB58843251 /* Pods-Runner.profile-prod.xcconfig */ = {isa = PBXFileReference; includeInIndex = 1; lastKnownFileType = text.xcconfig; name = "Pods-Runner.profile-prod.xcconfig"; path = "Target Support Files/Pods-Runner/Pods-Runner.profile-prod.xcconfig"; sourceTree = "<group>"; };
		1498D2321E8E86230040F4C2 /* GeneratedPluginRegistrant.h */ = {isa = PBXFileReference; lastKnownFileType = sourcecode.c.h; path = GeneratedPluginRegistrant.h; sourceTree = "<group>"; };
		1498D2331E8E89220040F4C2 /* GeneratedPluginRegistrant.m */ = {isa = PBXFileReference; fileEncoding = 4; lastKnownFileType = sourcecode.c.objc; path = GeneratedPluginRegistrant.m; sourceTree = "<group>"; };
		20E1061A66C80067781551FE /* Pods-Runner.release-dev.xcconfig */ = {isa = PBXFileReference; includeInIndex = 1; lastKnownFileType = text.xcconfig; name = "Pods-Runner.release-dev.xcconfig"; path = "Target Support Files/Pods-Runner/Pods-Runner.release-dev.xcconfig"; sourceTree = "<group>"; };
		36AD2D181D8098728DAE9C4F /* Pods_Runner.framework */ = {isa = PBXFileReference; explicitFileType = wrapper.framework; includeInIndex = 0; path = Pods_Runner.framework; sourceTree = BUILT_PRODUCTS_DIR; };
		5388E71828A58FEE006E797E /* prodDebug.xcconfig */ = {isa = PBXFileReference; fileEncoding = 4; lastKnownFileType = text.xcconfig; path = prodDebug.xcconfig; sourceTree = "<group>"; };
		5388E71928A58FEE006E797E /* devProfile.xcconfig */ = {isa = PBXFileReference; fileEncoding = 4; lastKnownFileType = text.xcconfig; path = devProfile.xcconfig; sourceTree = "<group>"; };
		5388E71A28A58FEE006E797E /* prodProfile.xcconfig */ = {isa = PBXFileReference; fileEncoding = 4; lastKnownFileType = text.xcconfig; path = prodProfile.xcconfig; sourceTree = "<group>"; };
		5388E71B28A58FEE006E797E /* devDebug.xcconfig */ = {isa = PBXFileReference; fileEncoding = 4; lastKnownFileType = text.xcconfig; path = devDebug.xcconfig; sourceTree = "<group>"; };
		5388E71C28A58FEE006E797E /* devRelease.xcconfig */ = {isa = PBXFileReference; fileEncoding = 4; lastKnownFileType = text.xcconfig; path = devRelease.xcconfig; sourceTree = "<group>"; };
		5388E71D28A58FEE006E797E /* prodRelease.xcconfig */ = {isa = PBXFileReference; fileEncoding = 4; lastKnownFileType = text.xcconfig; path = prodRelease.xcconfig; sourceTree = "<group>"; };
		539A693628A1845F0061D41D /* Runner.entitlements */ = {isa = PBXFileReference; lastKnownFileType = text.plist.entitlements; path = Runner.entitlements; sourceTree = "<group>"; };
		539A693828A184740061D41D /* StoreKit.framework */ = {isa = PBXFileReference; lastKnownFileType = wrapper.framework; name = StoreKit.framework; path = System/Library/Frameworks/StoreKit.framework; sourceTree = SDKROOT; };
		53D5D0D928CA62BF00767C58 /* google_mobile_ads.framework */ = {isa = PBXFileReference; explicitFileType = wrapper.framework; path = google_mobile_ads.framework; sourceTree = BUILT_PRODUCTS_DIR; };
		53E1175128AF54D400871F8E /* ListTileNativeAdView.xib */ = {isa = PBXFileReference; lastKnownFileType = file.xib; path = ListTileNativeAdView.xib; sourceTree = "<group>"; };
		53F5B19E28AEEA38000D769A /* ListTileNativeAdFactory.swift */ = {isa = PBXFileReference; lastKnownFileType = sourcecode.swift; path = ListTileNativeAdFactory.swift; sourceTree = "<group>"; };
		53FF5BD228A579D900E797E1 /* flutter_export_environment.sh */ = {isa = PBXFileReference; fileEncoding = 4; lastKnownFileType = text.script.sh; path = flutter_export_environment.sh; sourceTree = "<group>"; };
		53FF5BD428A579D900E797E1 /* AppFrameworkInfo.plist */ = {isa = PBXFileReference; fileEncoding = 4; lastKnownFileType = text.plist.xml; path = AppFrameworkInfo.plist; sourceTree = "<group>"; };
		53FF5BD528A579D900E797E1 /* Flutter.podspec */ = {isa = PBXFileReference; fileEncoding = 4; lastKnownFileType = text; path = Flutter.podspec; sourceTree = "<group>"; };
		53FF5BD628A579D900E797E1 /* Generated.xcconfig */ = {isa = PBXFileReference; fileEncoding = 4; lastKnownFileType = text.xcconfig; path = Generated.xcconfig; sourceTree = "<group>"; };
		5C3248C78B100803D98013BE /* Pods-Runner.debug.xcconfig */ = {isa = PBXFileReference; includeInIndex = 1; lastKnownFileType = text.xcconfig; name = "Pods-Runner.debug.xcconfig"; path = "Target Support Files/Pods-Runner/Pods-Runner.debug.xcconfig"; sourceTree = "<group>"; };
		6DDB74D49F17B7ADCE0D002B /* GoogleService-Info.plist */ = {isa = PBXFileReference; includeInIndex = 1; lastKnownFileType = text.plist.xml; name = "GoogleService-Info.plist"; path = "Runner/GoogleService-Info.plist"; sourceTree = "<group>"; };
		74858FAD1ED2DC5600515810 /* Runner-Bridging-Header.h */ = {isa = PBXFileReference; lastKnownFileType = sourcecode.c.h; path = "Runner-Bridging-Header.h"; sourceTree = "<group>"; };
		74858FAE1ED2DC5600515810 /* AppDelegate.swift */ = {isa = PBXFileReference; fileEncoding = 4; lastKnownFileType = sourcecode.swift; path = AppDelegate.swift; sourceTree = "<group>"; };
		955D022375E19CDEA271652B /* Pods-Runner.release-prod.xcconfig */ = {isa = PBXFileReference; includeInIndex = 1; lastKnownFileType = text.xcconfig; name = "Pods-Runner.release-prod.xcconfig"; path = "Target Support Files/Pods-Runner/Pods-Runner.release-prod.xcconfig"; sourceTree = "<group>"; };
		97C146EE1CF9000F007C117D /* DEV_BOMB.app */ = {isa = PBXFileReference; explicitFileType = wrapper.application; includeInIndex = 0; path = DEV_BOMB.app; sourceTree = BUILT_PRODUCTS_DIR; };
		97C146FB1CF9000F007C117D /* Base */ = {isa = PBXFileReference; lastKnownFileType = file.storyboard; name = Base; path = Base.lproj/Main.storyboard; sourceTree = "<group>"; };
		97C146FD1CF9000F007C117D /* Assets.xcassets */ = {isa = PBXFileReference; lastKnownFileType = folder.assetcatalog; path = Assets.xcassets; sourceTree = "<group>"; };
		97C147001CF9000F007C117D /* Base */ = {isa = PBXFileReference; lastKnownFileType = file.storyboard; name = Base; path = Base.lproj/LaunchScreen.storyboard; sourceTree = "<group>"; };
		97C147021CF9000F007C117D /* Info.plist */ = {isa = PBXFileReference; lastKnownFileType = text.plist.xml; path = Info.plist; sourceTree = "<group>"; };
		99A624E3C73127469A3C834F /* Pods-Runner.profile-dev.xcconfig */ = {isa = PBXFileReference; includeInIndex = 1; lastKnownFileType = text.xcconfig; name = "Pods-Runner.profile-dev.xcconfig"; path = "Target Support Files/Pods-Runner/Pods-Runner.profile-dev.xcconfig"; sourceTree = "<group>"; };
		9A87BF8C6373DC3723B1B905 /* prodLaunchScreen.storyboard */ = {isa = PBXFileReference; includeInIndex = 1; lastKnownFileType = file.storyboard; name = prodLaunchScreen.storyboard; path = Runner/prodLaunchScreen.storyboard; sourceTree = "<group>"; };
		BD043085DDE1FC997E98DDBF /* Pods-Runner.debug-dev.xcconfig */ = {isa = PBXFileReference; includeInIndex = 1; lastKnownFileType = text.xcconfig; name = "Pods-Runner.debug-dev.xcconfig"; path = "Target Support Files/Pods-Runner/Pods-Runner.debug-dev.xcconfig"; sourceTree = "<group>"; };
		C94718056E87C7D9414A72A9 /* Pods-Runner.release.xcconfig */ = {isa = PBXFileReference; includeInIndex = 1; lastKnownFileType = text.xcconfig; name = "Pods-Runner.release.xcconfig"; path = "Target Support Files/Pods-Runner/Pods-Runner.release.xcconfig"; sourceTree = "<group>"; };
		D04146B8F630B7414A2DDB63 /* Pods-Runner.debug-prod.xcconfig */ = {isa = PBXFileReference; includeInIndex = 1; lastKnownFileType = text.xcconfig; name = "Pods-Runner.debug-prod.xcconfig"; path = "Target Support Files/Pods-Runner/Pods-Runner.debug-prod.xcconfig"; sourceTree = "<group>"; };
		E774211783C33F1A54E98198 /* Pods-Runner.profile.xcconfig */ = {isa = PBXFileReference; includeInIndex = 1; lastKnownFileType = text.xcconfig; name = "Pods-Runner.profile.xcconfig"; path = "Target Support Files/Pods-Runner/Pods-Runner.profile.xcconfig"; sourceTree = "<group>"; };
		F151FECCC03B7582CD17E806 /* devLaunchScreen.storyboard */ = {isa = PBXFileReference; includeInIndex = 1; lastKnownFileType = file.storyboard; name = devLaunchScreen.storyboard; path = Runner/devLaunchScreen.storyboard; sourceTree = "<group>"; };
/* End PBXFileReference section */

/* Begin PBXFrameworksBuildPhase section */
		97C146EB1CF9000F007C117D /* Frameworks */ = {
			isa = PBXFrameworksBuildPhase;
			buildActionMask = 2147483647;
			files = (
				539A693928A184740061D41D /* StoreKit.framework in Frameworks */,
				63FDDD94C6780C2342B5126B /* Pods_Runner.framework in Frameworks */,
			);
			runOnlyForDeploymentPostprocessing = 0;
		};
/* End PBXFrameworksBuildPhase section */

/* Begin PBXGroup section */
		539A693728A184740061D41D /* Frameworks */ = {
			isa = PBXGroup;
			children = (
				53D5D0D928CA62BF00767C58 /* google_mobile_ads.framework */,
				539A693828A184740061D41D /* StoreKit.framework */,
				36AD2D181D8098728DAE9C4F /* Pods_Runner.framework */,
			);
			name = Frameworks;
			sourceTree = "<group>";
		};
		53FF5BD128A579D900E797E1 /* Flutter */ = {
			isa = PBXGroup;
			children = (
				5388E71B28A58FEE006E797E /* devDebug.xcconfig */,
				5388E71928A58FEE006E797E /* devProfile.xcconfig */,
				5388E71C28A58FEE006E797E /* devRelease.xcconfig */,
				5388E71828A58FEE006E797E /* prodDebug.xcconfig */,
				5388E71A28A58FEE006E797E /* prodProfile.xcconfig */,
				5388E71D28A58FEE006E797E /* prodRelease.xcconfig */,
				53FF5BD228A579D900E797E1 /* flutter_export_environment.sh */,
				53FF5BD428A579D900E797E1 /* AppFrameworkInfo.plist */,
				53FF5BD528A579D900E797E1 /* Flutter.podspec */,
				53FF5BD628A579D900E797E1 /* Generated.xcconfig */,
			);
			path = Flutter;
			sourceTree = "<group>";
		};
		97C146E51CF9000F007C117D = {
			isa = PBXGroup;
			children = (
				53FF5BD128A579D900E797E1 /* Flutter */,
				97C146F01CF9000F007C117D /* Runner */,
				97C146EF1CF9000F007C117D /* Products */,
				539A693728A184740061D41D /* Frameworks */,
				F151FECCC03B7582CD17E806 /* devLaunchScreen.storyboard */,
				9A87BF8C6373DC3723B1B905 /* prodLaunchScreen.storyboard */,
				F8B6C76FF15FBE344FE20A13 /* Pods */,
				6DDB74D49F17B7ADCE0D002B /* GoogleService-Info.plist */,
			);
			sourceTree = "<group>";
			wrapsLines = 0;
		};
		97C146EF1CF9000F007C117D /* Products */ = {
			isa = PBXGroup;
			children = (
				97C146EE1CF9000F007C117D /* DEV_BOMB.app */,
			);
			name = Products;
			sourceTree = "<group>";
		};
		97C146F01CF9000F007C117D /* Runner */ = {
			isa = PBXGroup;
			children = (
				539A693628A1845F0061D41D /* Runner.entitlements */,
				97C146FA1CF9000F007C117D /* Main.storyboard */,
				97C146FD1CF9000F007C117D /* Assets.xcassets */,
				97C146FF1CF9000F007C117D /* LaunchScreen.storyboard */,
				97C147021CF9000F007C117D /* Info.plist */,
				1498D2321E8E86230040F4C2 /* GeneratedPluginRegistrant.h */,
				1498D2331E8E89220040F4C2 /* GeneratedPluginRegistrant.m */,
				74858FAE1ED2DC5600515810 /* AppDelegate.swift */,
				74858FAD1ED2DC5600515810 /* Runner-Bridging-Header.h */,
				53F5B19E28AEEA38000D769A /* ListTileNativeAdFactory.swift */,
				53E1175128AF54D400871F8E /* ListTileNativeAdView.xib */,
			);
			path = Runner;
			sourceTree = "<group>";
		};
		F8B6C76FF15FBE344FE20A13 /* Pods */ = {
			isa = PBXGroup;
			children = (
				5C3248C78B100803D98013BE /* Pods-Runner.debug.xcconfig */,
				C94718056E87C7D9414A72A9 /* Pods-Runner.release.xcconfig */,
				E774211783C33F1A54E98198 /* Pods-Runner.profile.xcconfig */,
				BD043085DDE1FC997E98DDBF /* Pods-Runner.debug-dev.xcconfig */,
				99A624E3C73127469A3C834F /* Pods-Runner.profile-dev.xcconfig */,
				20E1061A66C80067781551FE /* Pods-Runner.release-dev.xcconfig */,
				D04146B8F630B7414A2DDB63 /* Pods-Runner.debug-prod.xcconfig */,
				0D3390228B5A7AAB58843251 /* Pods-Runner.profile-prod.xcconfig */,
				955D022375E19CDEA271652B /* Pods-Runner.release-prod.xcconfig */,
			);
			path = Pods;
			sourceTree = "<group>";
		};
/* End PBXGroup section */

/* Begin PBXNativeTarget section */
		97C146ED1CF9000F007C117D /* Runner */ = {
			isa = PBXNativeTarget;
			buildConfigurationList = 97C147051CF9000F007C117D /* Build configuration list for PBXNativeTarget "Runner" */;
			buildPhases = (
				E1AD21E3B4948B0440DA934D /* [CP] Check Pods Manifest.lock */,
				94B447F489ED167F592E71DA /* Firebase Setup */,
				9740EEB61CF901F6004384FC /* Run Script */,
				97C146EA1CF9000F007C117D /* Sources */,
				97C146EB1CF9000F007C117D /* Frameworks */,
				97C146EC1CF9000F007C117D /* Resources */,
				3B06AD1E1E4923F5004D2608 /* Thin Binary */,
				7374F0D345579D0051BAF094 /* [CP] Embed Pods Frameworks */,
				C76CC68DB99EB9202BB3DC1D /* [firebase_crashlytics] Crashlytics Upload Symbols */,
			);
			buildRules = (
			);
			dependencies = (
			);
			name = Runner;
			productName = Runner;
			productReference = 97C146EE1CF9000F007C117D /* DEV_BOMB.app */;
			productType = "com.apple.product-type.application";
		};
/* End PBXNativeTarget section */

/* Begin PBXProject section */
		97C146E61CF9000F007C117D /* Project object */ = {
			isa = PBXProject;
			attributes = {
				BuildIndependentTargetsInParallel = YES;
				LastUpgradeCheck = 1300;
				ORGANIZATIONNAME = "";
				TargetAttributes = {
					97C146ED1CF9000F007C117D = {
						CreatedOnToolsVersion = 7.3.1;
						LastSwiftMigration = 1100;
					};
				};
			};
			buildConfigurationList = 97C146E91CF9000F007C117D /* Build configuration list for PBXProject "Runner" */;
			compatibilityVersion = "Xcode 9.3";
			developmentRegion = en;
			hasScannedForEncodings = 0;
			knownRegions = (
				en,
				Base,
			);
			mainGroup = 97C146E51CF9000F007C117D;
			productRefGroup = 97C146EF1CF9000F007C117D /* Products */;
			projectDirPath = "";
			projectRoot = "";
			targets = (
				97C146ED1CF9000F007C117D /* Runner */,
			);
		};
/* End PBXProject section */

/* Begin PBXResourcesBuildPhase section */
		97C146EC1CF9000F007C117D /* Resources */ = {
			isa = PBXResourcesBuildPhase;
			buildActionMask = 2147483647;
			files = (
				97C147011CF9000F007C117D /* LaunchScreen.storyboard in Resources */,
				97C146FE1CF9000F007C117D /* Assets.xcassets in Resources */,
				97C146FC1CF9000F007C117D /* Main.storyboard in Resources */,
				53FF5BDA28A579D900E797E1 /* Flutter.podspec in Resources */,
				53FF5BD928A579D900E797E1 /* AppFrameworkInfo.plist in Resources */,
				4A8B54E2FD0B5D939855A373 /* devLaunchScreen.storyboard in Resources */,
				53E1175228AF54D400871F8E /* ListTileNativeAdView.xib in Resources */,
				5C8EC028691C594D24F45D0C /* prodLaunchScreen.storyboard in Resources */,
				53FF5BD728A579D900E797E1 /* flutter_export_environment.sh in Resources */,
				1D1B32C845197266F8FC3503 /* GoogleService-Info.plist in Resources */,
			);
			runOnlyForDeploymentPostprocessing = 0;
		};
/* End PBXResourcesBuildPhase section */

/* Begin PBXShellScriptBuildPhase section */
		3B06AD1E1E4923F5004D2608 /* Thin Binary */ = {
			isa = PBXShellScriptBuildPhase;
			buildActionMask = 2147483647;
			files = (
			);
			inputPaths = (
			);
			name = "Thin Binary";
			outputPaths = (
			);
			runOnlyForDeploymentPostprocessing = 0;
			shellPath = /bin/sh;
			shellScript = "/bin/sh \"$FLUTTER_ROOT/packages/flutter_tools/bin/xcode_backend.sh\" embed_and_thin\n";
		};
		7374F0D345579D0051BAF094 /* [CP] Embed Pods Frameworks */ = {
			isa = PBXShellScriptBuildPhase;
			buildActionMask = 2147483647;
			files = (
			);
			inputFileListPaths = (
				"${PODS_ROOT}/Target Support Files/Pods-Runner/Pods-Runner-frameworks-${CONFIGURATION}-input-files.xcfilelist",
			);
			name = "[CP] Embed Pods Frameworks";
			outputFileListPaths = (
				"${PODS_ROOT}/Target Support Files/Pods-Runner/Pods-Runner-frameworks-${CONFIGURATION}-output-files.xcfilelist",
			);
			runOnlyForDeploymentPostprocessing = 0;
			shellPath = /bin/sh;
			shellScript = "\"${PODS_ROOT}/Target Support Files/Pods-Runner/Pods-Runner-frameworks.sh\"\n";
			showEnvVarsInLog = 0;
		};
		94B447F489ED167F592E71DA /* Firebase Setup */ = {
			isa = PBXShellScriptBuildPhase;
			buildActionMask = 2147483647;
			files = (
			);
			inputFileListPaths = (
			);
			inputPaths = (
			);
			name = "Firebase Setup";
			outputFileListPaths = (
			);
			outputPaths = (
			);
			runOnlyForDeploymentPostprocessing = 0;
			shellPath = /bin/sh;
			shellScript = "if [ $CONFIGURATION == \"Debug-prod\" ] || [ $CONFIGURATION == \"Profile-prod\" ] || [ $CONFIGURATION == \"Release-prod\" ]; then\n    echo \"📣 Running Firebase Setup - Copy GoogleService-Info.plist for 'prod' scheme\"\n    cp Runner/prod/GoogleService-Info.plist Runner/GoogleService-Info.plist\nelif [ $CONFIGURATION == \"Debug-dev\" ] || [ $CONFIGURATION == \"Profile-dev\" ] || [ $CONFIGURATION == \"Release-dev\" ]; then\n    echo \"📣 Running Firebase Setup - Copy GoogleService-Info.plist for 'dev' scheme\"\n    cp Runner/dev/GoogleService-Info.plist Runner/GoogleService-Info.plist\nfi\n";
		};
		9740EEB61CF901F6004384FC /* Run Script */ = {
			isa = PBXShellScriptBuildPhase;
			buildActionMask = 2147483647;
			files = (
			);
			inputPaths = (
			);
			name = "Run Script";
			outputPaths = (
			);
			runOnlyForDeploymentPostprocessing = 0;
			shellPath = /bin/sh;
			shellScript = "/bin/sh \"$FLUTTER_ROOT/packages/flutter_tools/bin/xcode_backend.sh\" build\n";
		};
		C76CC68DB99EB9202BB3DC1D /* [firebase_crashlytics] Crashlytics Upload Symbols */ = {
			isa = PBXShellScriptBuildPhase;
			buildActionMask = 2147483647;
			files = (
			);
			inputFileListPaths = (
			);
			inputPaths = (
				"\"${DWARF_DSYM_FOLDER_PATH}/${DWARF_DSYM_FILE_NAME}/Contents/Resources/DWARF/${TARGET_NAME}\"",
				"\"$(SRCROOT)/$(BUILT_PRODUCTS_DIR)/$(INFOPLIST_PATH)\"",
			);
			name = "[firebase_crashlytics] Crashlytics Upload Symbols";
			outputFileListPaths = (
			);
			outputPaths = (
			);
			runOnlyForDeploymentPostprocessing = 0;
			shellPath = /bin/sh;
			shellScript = "if [ $CONFIGURATION == \"Debug-prod\" ] || [ $CONFIGURATION == \"Profile-prod\" ] || [ $CONFIGURATION == \"Release-prod\" ];\nthen\n    echo \"📣 Running firebase_crashlytics upload debug symbols script for 'prod' scheme\"\n    PROD_FIREBASE_APPLE_APP_ID=\"1:683927282799:ios:2ac1be06c41aaa01d9999a\"\n    echo \"📣 PROD_FIREBASE_APPLE_APP_ID: $PROD_FIREBASE_APPLE_APP_ID\"\n    $PODS_ROOT/FirebaseCrashlytics/upload-symbols --build-phase --validate -ai $PROD_FIREBASE_APPLE_APP_ID\n    $PODS_ROOT/FirebaseCrashlytics/upload-symbols --build-phase -ai $PROD_FIREBASE_APPLE_APP_ID\nelse\n    echo \"📣 Running firebase_crashlytics upload debug symbols script for 'dev' scheme\"\n    DEV_FIREBASE_APPLE_APP_ID=\"1:365566275867:ios:a337e9841a9d3e73f8a3be\"\n    echo \"📣 'DEV_FIREBASE_APPLE_APP_ID: $DEV_FIREBASE_APPLE_APP_ID\"\n    $PODS_ROOT/FirebaseCrashlytics/upload-symbols --build-phase --validate -ai $DEV_FIREBASE_APPLE_APP_ID\n    $PODS_ROOT/FirebaseCrashlytics/upload-symbols --build-phase -ai $DEV_FIREBASE_APPLE_APP_ID\nfi\n";
		};
		E1AD21E3B4948B0440DA934D /* [CP] Check Pods Manifest.lock */ = {
			isa = PBXShellScriptBuildPhase;
			buildActionMask = 2147483647;
			files = (
			);
			inputFileListPaths = (
			);
			inputPaths = (
				"${PODS_PODFILE_DIR_PATH}/Podfile.lock",
				"${PODS_ROOT}/Manifest.lock",
			);
			name = "[CP] Check Pods Manifest.lock";
			outputFileListPaths = (
			);
			outputPaths = (
				"$(DERIVED_FILE_DIR)/Pods-Runner-checkManifestLockResult.txt",
			);
			runOnlyForDeploymentPostprocessing = 0;
			shellPath = /bin/sh;
			shellScript = "diff \"${PODS_PODFILE_DIR_PATH}/Podfile.lock\" \"${PODS_ROOT}/Manifest.lock\" > /dev/null\nif [ $? != 0 ] ; then\n    # print error to STDERR\n    echo \"error: The sandbox is not in sync with the Podfile.lock. Run 'pod install' or update your CocoaPods installation.\" >&2\n    exit 1\nfi\n# This output is used by Xcode 'outputs' to avoid re-running this script phase.\necho \"SUCCESS\" > \"${SCRIPT_OUTPUT_FILE_0}\"\n";
			showEnvVarsInLog = 0;
		};
/* End PBXShellScriptBuildPhase section */

/* Begin PBXSourcesBuildPhase section */
		97C146EA1CF9000F007C117D /* Sources */ = {
			isa = PBXSourcesBuildPhase;
			buildActionMask = 2147483647;
			files = (
				53F5B19F28AEEA38000D769A /* ListTileNativeAdFactory.swift in Sources */,
				74858FAF1ED2DC5600515810 /* AppDelegate.swift in Sources */,
				1498D2341E8E89220040F4C2 /* GeneratedPluginRegistrant.m in Sources */,
			);
			runOnlyForDeploymentPostprocessing = 0;
		};
/* End PBXSourcesBuildPhase section */

/* Begin PBXVariantGroup section */
		97C146FA1CF9000F007C117D /* Main.storyboard */ = {
			isa = PBXVariantGroup;
			children = (
				97C146FB1CF9000F007C117D /* Base */,
			);
			name = Main.storyboard;
			sourceTree = "<group>";
		};
		97C146FF1CF9000F007C117D /* LaunchScreen.storyboard */ = {
			isa = PBXVariantGroup;
			children = (
				97C147001CF9000F007C117D /* Base */,
			);
			name = LaunchScreen.storyboard;
			sourceTree = "<group>";
		};
/* End PBXVariantGroup section */

/* Begin XCBuildConfiguration section */
		1DBACC43775FC0D22C369632 /* Release-dev */ = {
			isa = XCBuildConfiguration;
			baseConfigurationReference = 5388E71C28A58FEE006E797E /* devRelease.xcconfig */;
			buildSettings = {
				ALLOW_TARGET_PLATFORM_SPECIALIZATION = YES;
				ALWAYS_SEARCH_USER_PATHS = NO;
				ASSETCATALOG_COMPILER_APPICON_NAME = "$(ASSET_PREFIX)AppIcon";
				CLANG_ANALYZER_NONNULL = YES;
				CLANG_CXX_LANGUAGE_STANDARD = "gnu++0x";
				CLANG_CXX_LIBRARY = "libc++";
				CLANG_ENABLE_MODULES = YES;
				CLANG_ENABLE_OBJC_ARC = YES;
				CLANG_WARN_BLOCK_CAPTURE_AUTORELEASING = YES;
				CLANG_WARN_BOOL_CONVERSION = YES;
				CLANG_WARN_COMMA = YES;
				CLANG_WARN_CONSTANT_CONVERSION = YES;
				CLANG_WARN_DEPRECATED_OBJC_IMPLEMENTATIONS = YES;
				CLANG_WARN_DIRECT_OBJC_ISA_USAGE = YES_ERROR;
				CLANG_WARN_EMPTY_BODY = YES;
				CLANG_WARN_ENUM_CONVERSION = YES;
				CLANG_WARN_INFINITE_RECURSION = YES;
				CLANG_WARN_INT_CONVERSION = YES;
				CLANG_WARN_NON_LITERAL_NULL_CONVERSION = YES;
				CLANG_WARN_OBJC_IMPLICIT_RETAIN_SELF = YES;
				CLANG_WARN_OBJC_LITERAL_CONVERSION = YES;
				CLANG_WARN_OBJC_ROOT_CLASS = YES_ERROR;
				CLANG_WARN_QUOTED_INCLUDE_IN_FRAMEWORK_HEADER = YES;
				CLANG_WARN_RANGE_LOOP_ANALYSIS = YES;
				CLANG_WARN_STRICT_PROTOTYPES = YES;
				CLANG_WARN_SUSPICIOUS_MOVE = YES;
				CLANG_WARN_UNREACHABLE_CODE = YES;
				CLANG_WARN__DUPLICATE_METHOD_MATCH = YES;
				"CODE_SIGN_IDENTITY[sdk=iphoneos*]" = "iPhone Developer";
				COPY_PHASE_STRIP = NO;
				DEBUG_INFORMATION_FORMAT = "dwarf-with-dsym";
				ENABLE_BITCODE = NO;
				ENABLE_NS_ASSERTIONS = NO;
				ENABLE_STRICT_OBJC_MSGSEND = YES;
				ENABLE_TESTABILITY = YES;
				FRAMEWORK_SEARCH_PATHS = (
					"$(inherited)",
					"$(PROJECT_DIR)/Flutter",
				);
				GCC_C_LANGUAGE_STANDARD = gnu99;
				GCC_NO_COMMON_BLOCKS = YES;
				GCC_WARN_64_TO_32_BIT_CONVERSION = YES;
				GCC_WARN_ABOUT_RETURN_TYPE = YES_ERROR;
				GCC_WARN_UNDECLARED_SELECTOR = YES;
				GCC_WARN_UNINITIALIZED_AUTOS = YES_AGGRESSIVE;
				GCC_WARN_UNUSED_FUNCTION = YES;
				GCC_WARN_UNUSED_VARIABLE = YES;
				INFOPLIST_FILE = Runner/Info.plist;
				IPHONEOS_DEPLOYMENT_TARGET = 12.0;
				LD_RUNPATH_SEARCH_PATHS = (
					"$(inherited)",
					"@executable_path/Frameworks",
				);
				LIBRARY_SEARCH_PATHS = (
					"$(inherited)",
					"$(PROJECT_DIR)/Flutter",
				);
				MTL_ENABLE_DEBUG_INFO = NO;
				PRODUCT_BUNDLE_IDENTIFIER = test.fruitlab.bluetoothOnmyBody;
				RESOURCES_TARGETED_DEVICE_FAMILY = "";
				SDKROOT = iphoneos;
				SUPPORTED_PLATFORMS = "iphonesimulator iphoneos";
				SUPPORTS_MACCATALYST = YES;
				SWIFT_COMPILATION_MODE = wholemodule;
				SWIFT_OBJC_BRIDGING_HEADER = "Runner/Runner-Bridging-Header.h";
				SWIFT_OPTIMIZATION_LEVEL = "-O";
				SWIFT_VERSION = 5.0;
				TARGETED_DEVICE_FAMILY = "1,2";
				VALIDATE_PRODUCT = YES;
			};
			name = "Release-dev";
		};
		1E2F01EE0CF785E9FB92D76C /* Debug-dev */ = {
			isa = XCBuildConfiguration;
			baseConfigurationReference = 5388E71B28A58FEE006E797E /* devDebug.xcconfig */;
			buildSettings = {
				ALLOW_TARGET_PLATFORM_SPECIALIZATION = YES;
				ALWAYS_SEARCH_USER_PATHS = NO;
				ASSETCATALOG_COMPILER_APPICON_NAME = "$(ASSET_PREFIX)AppIcon";
				CLANG_ANALYZER_NONNULL = YES;
				CLANG_CXX_LANGUAGE_STANDARD = "gnu++0x";
				CLANG_CXX_LIBRARY = "libc++";
				CLANG_ENABLE_MODULES = YES;
				CLANG_ENABLE_OBJC_ARC = YES;
				CLANG_WARN_BLOCK_CAPTURE_AUTORELEASING = YES;
				CLANG_WARN_BOOL_CONVERSION = YES;
				CLANG_WARN_COMMA = YES;
				CLANG_WARN_CONSTANT_CONVERSION = YES;
				CLANG_WARN_DEPRECATED_OBJC_IMPLEMENTATIONS = YES;
				CLANG_WARN_DIRECT_OBJC_ISA_USAGE = YES_ERROR;
				CLANG_WARN_EMPTY_BODY = YES;
				CLANG_WARN_ENUM_CONVERSION = YES;
				CLANG_WARN_INFINITE_RECURSION = YES;
				CLANG_WARN_INT_CONVERSION = YES;
				CLANG_WARN_NON_LITERAL_NULL_CONVERSION = YES;
				CLANG_WARN_OBJC_IMPLICIT_RETAIN_SELF = YES;
				CLANG_WARN_OBJC_LITERAL_CONVERSION = YES;
				CLANG_WARN_OBJC_ROOT_CLASS = YES_ERROR;
				CLANG_WARN_QUOTED_INCLUDE_IN_FRAMEWORK_HEADER = YES;
				CLANG_WARN_RANGE_LOOP_ANALYSIS = YES;
				CLANG_WARN_STRICT_PROTOTYPES = YES;
				CLANG_WARN_SUSPICIOUS_MOVE = YES;
				CLANG_WARN_UNREACHABLE_CODE = YES;
				CLANG_WARN__DUPLICATE_METHOD_MATCH = YES;
				"CODE_SIGN_IDENTITY[sdk=iphoneos*]" = "iPhone Developer";
				COPY_PHASE_STRIP = NO;
				DEBUG_INFORMATION_FORMAT = "dwarf-with-dsym";
				ENABLE_BITCODE = NO;
				ENABLE_STRICT_OBJC_MSGSEND = YES;
				ENABLE_TESTABILITY = YES;
				FRAMEWORK_SEARCH_PATHS = (
					"$(inherited)",
					"$(PROJECT_DIR)/Flutter",
				);
				GCC_C_LANGUAGE_STANDARD = gnu99;
				GCC_DYNAMIC_NO_PIC = NO;
				GCC_NO_COMMON_BLOCKS = YES;
				GCC_OPTIMIZATION_LEVEL = 0;
				GCC_PREPROCESSOR_DEFINITIONS = (
					"DEBUG=1",
					"$(inherited)",
				);
				GCC_WARN_64_TO_32_BIT_CONVERSION = YES;
				GCC_WARN_ABOUT_RETURN_TYPE = YES_ERROR;
				GCC_WARN_UNDECLARED_SELECTOR = YES;
				GCC_WARN_UNINITIALIZED_AUTOS = YES_AGGRESSIVE;
				GCC_WARN_UNUSED_FUNCTION = YES;
				GCC_WARN_UNUSED_VARIABLE = YES;
				INFOPLIST_FILE = Runner/Info.plist;
				IPHONEOS_DEPLOYMENT_TARGET = 12.0;
				LD_RUNPATH_SEARCH_PATHS = (
					"$(inherited)",
					"@executable_path/Frameworks",
				);
				LIBRARY_SEARCH_PATHS = (
					"$(inherited)",
					"$(PROJECT_DIR)/Flutter",
				);
				MTL_ENABLE_DEBUG_INFO = YES;
				ONLY_ACTIVE_ARCH = YES;
				PRODUCT_BUNDLE_IDENTIFIER = test.fruitlab.bluetoothOnmyBody;
				RESOURCES_TARGETED_DEVICE_FAMILY = "";
				SDKROOT = iphoneos;
				SUPPORTED_PLATFORMS = "iphonesimulator iphoneos";
				SUPPORTS_MACCATALYST = YES;
				SWIFT_OBJC_BRIDGING_HEADER = "Runner/Runner-Bridging-Header.h";
				SWIFT_VERSION = 5.0;
				TARGETED_DEVICE_FAMILY = "1,2";
				VALIDATE_PRODUCT = YES;
			};
			name = "Debug-dev";
		};
		26FB30C3B454FE99340A9B6A /* Debug-prod */ = {
			isa = XCBuildConfiguration;
			baseConfigurationReference = 5388E71828A58FEE006E797E /* prodDebug.xcconfig */;
			buildSettings = {
				ALLOW_TARGET_PLATFORM_SPECIALIZATION = YES;
				ALWAYS_SEARCH_USER_PATHS = NO;
				ASSETCATALOG_COMPILER_APPICON_NAME = "$(ASSET_PREFIX)AppIcon";
				CLANG_ANALYZER_NONNULL = YES;
				CLANG_CXX_LANGUAGE_STANDARD = "gnu++0x";
				CLANG_CXX_LIBRARY = "libc++";
				CLANG_ENABLE_MODULES = YES;
				CLANG_ENABLE_OBJC_ARC = YES;
				CLANG_WARN_BLOCK_CAPTURE_AUTORELEASING = YES;
				CLANG_WARN_BOOL_CONVERSION = YES;
				CLANG_WARN_COMMA = YES;
				CLANG_WARN_CONSTANT_CONVERSION = YES;
				CLANG_WARN_DEPRECATED_OBJC_IMPLEMENTATIONS = YES;
				CLANG_WARN_DIRECT_OBJC_ISA_USAGE = YES_ERROR;
				CLANG_WARN_EMPTY_BODY = YES;
				CLANG_WARN_ENUM_CONVERSION = YES;
				CLANG_WARN_INFINITE_RECURSION = YES;
				CLANG_WARN_INT_CONVERSION = YES;
				CLANG_WARN_NON_LITERAL_NULL_CONVERSION = YES;
				CLANG_WARN_OBJC_IMPLICIT_RETAIN_SELF = YES;
				CLANG_WARN_OBJC_LITERAL_CONVERSION = YES;
				CLANG_WARN_OBJC_ROOT_CLASS = YES_ERROR;
				CLANG_WARN_QUOTED_INCLUDE_IN_FRAMEWORK_HEADER = YES;
				CLANG_WARN_RANGE_LOOP_ANALYSIS = YES;
				CLANG_WARN_STRICT_PROTOTYPES = YES;
				CLANG_WARN_SUSPICIOUS_MOVE = YES;
				CLANG_WARN_UNREACHABLE_CODE = YES;
				CLANG_WARN__DUPLICATE_METHOD_MATCH = YES;
				"CODE_SIGN_IDENTITY[sdk=iphoneos*]" = "iPhone Developer";
				COPY_PHASE_STRIP = NO;
				DEBUG_INFORMATION_FORMAT = "dwarf-with-dsym";
				ENABLE_BITCODE = NO;
				ENABLE_STRICT_OBJC_MSGSEND = YES;
				ENABLE_TESTABILITY = YES;
				FRAMEWORK_SEARCH_PATHS = (
					"$(inherited)",
					"$(PROJECT_DIR)/Flutter",
				);
				GCC_C_LANGUAGE_STANDARD = gnu99;
				GCC_DYNAMIC_NO_PIC = NO;
				GCC_NO_COMMON_BLOCKS = YES;
				GCC_OPTIMIZATION_LEVEL = 0;
				GCC_PREPROCESSOR_DEFINITIONS = (
					"DEBUG=1",
					"$(inherited)",
				);
				GCC_WARN_64_TO_32_BIT_CONVERSION = YES;
				GCC_WARN_ABOUT_RETURN_TYPE = YES_ERROR;
				GCC_WARN_UNDECLARED_SELECTOR = YES;
				GCC_WARN_UNINITIALIZED_AUTOS = YES_AGGRESSIVE;
				GCC_WARN_UNUSED_FUNCTION = YES;
				GCC_WARN_UNUSED_VARIABLE = YES;
				INFOPLIST_FILE = Runner/Info.plist;
				IPHONEOS_DEPLOYMENT_TARGET = 12.0;
				LD_RUNPATH_SEARCH_PATHS = (
					"$(inherited)",
					"@executable_path/Frameworks",
				);
				LIBRARY_SEARCH_PATHS = (
					"$(inherited)",
					"$(PROJECT_DIR)/Flutter",
				);
				MTL_ENABLE_DEBUG_INFO = YES;
				ONLY_ACTIVE_ARCH = YES;
				PRODUCT_BUNDLE_IDENTIFIER = dev.fruitlab.bluetoothOnmyBody;
				RESOURCES_TARGETED_DEVICE_FAMILY = "";
				SDKROOT = iphoneos;
				SUPPORTED_PLATFORMS = "iphonesimulator iphoneos";
				SUPPORTS_MACCATALYST = YES;
				SWIFT_OBJC_BRIDGING_HEADER = "Runner/Runner-Bridging-Header.h";
				SWIFT_VERSION = 5.0;
				TARGETED_DEVICE_FAMILY = "1,2";
				VALIDATE_PRODUCT = YES;
			};
			name = "Debug-prod";
		};
		490846175ABDCE46364B703C /* Profile-dev */ = {
			isa = XCBuildConfiguration;
			baseConfigurationReference = 5388E71928A58FEE006E797E /* devProfile.xcconfig */;
			buildSettings = {
				ALLOW_TARGET_PLATFORM_SPECIALIZATION = YES;
				ALWAYS_SEARCH_USER_PATHS = NO;
				ASSETCATALOG_COMPILER_APPICON_NAME = "$(ASSET_PREFIX)AppIcon";
				CLANG_ANALYZER_NONNULL = YES;
				CLANG_CXX_LANGUAGE_STANDARD = "gnu++0x";
				CLANG_CXX_LIBRARY = "libc++";
				CLANG_ENABLE_MODULES = YES;
				CLANG_ENABLE_OBJC_ARC = YES;
				CLANG_WARN_BLOCK_CAPTURE_AUTORELEASING = YES;
				CLANG_WARN_BOOL_CONVERSION = YES;
				CLANG_WARN_COMMA = YES;
				CLANG_WARN_CONSTANT_CONVERSION = YES;
				CLANG_WARN_DEPRECATED_OBJC_IMPLEMENTATIONS = YES;
				CLANG_WARN_DIRECT_OBJC_ISA_USAGE = YES_ERROR;
				CLANG_WARN_EMPTY_BODY = YES;
				CLANG_WARN_ENUM_CONVERSION = YES;
				CLANG_WARN_INFINITE_RECURSION = YES;
				CLANG_WARN_INT_CONVERSION = YES;
				CLANG_WARN_NON_LITERAL_NULL_CONVERSION = YES;
				CLANG_WARN_OBJC_IMPLICIT_RETAIN_SELF = YES;
				CLANG_WARN_OBJC_LITERAL_CONVERSION = YES;
				CLANG_WARN_OBJC_ROOT_CLASS = YES_ERROR;
				CLANG_WARN_QUOTED_INCLUDE_IN_FRAMEWORK_HEADER = YES;
				CLANG_WARN_RANGE_LOOP_ANALYSIS = YES;
				CLANG_WARN_STRICT_PROTOTYPES = YES;
				CLANG_WARN_SUSPICIOUS_MOVE = YES;
				CLANG_WARN_UNREACHABLE_CODE = YES;
				CLANG_WARN__DUPLICATE_METHOD_MATCH = YES;
				"CODE_SIGN_IDENTITY[sdk=iphoneos*]" = "iPhone Developer";
				COPY_PHASE_STRIP = NO;
				DEBUG_INFORMATION_FORMAT = "dwarf-with-dsym";
				ENABLE_BITCODE = NO;
				ENABLE_NS_ASSERTIONS = NO;
				ENABLE_STRICT_OBJC_MSGSEND = YES;
				ENABLE_TESTABILITY = YES;
				FRAMEWORK_SEARCH_PATHS = (
					"$(inherited)",
					"$(PROJECT_DIR)/Flutter",
				);
				GCC_C_LANGUAGE_STANDARD = gnu99;
				GCC_NO_COMMON_BLOCKS = YES;
				GCC_WARN_64_TO_32_BIT_CONVERSION = YES;
				GCC_WARN_ABOUT_RETURN_TYPE = YES_ERROR;
				GCC_WARN_UNDECLARED_SELECTOR = YES;
				GCC_WARN_UNINITIALIZED_AUTOS = YES_AGGRESSIVE;
				GCC_WARN_UNUSED_FUNCTION = YES;
				GCC_WARN_UNUSED_VARIABLE = YES;
				INFOPLIST_FILE = Runner/Info.plist;
				IPHONEOS_DEPLOYMENT_TARGET = 12.0;
				LD_RUNPATH_SEARCH_PATHS = (
					"$(inherited)",
					"@executable_path/Frameworks",
				);
				LIBRARY_SEARCH_PATHS = (
					"$(inherited)",
					"$(PROJECT_DIR)/Flutter",
				);
				MTL_ENABLE_DEBUG_INFO = NO;
				PRODUCT_BUNDLE_IDENTIFIER = test.fruitlab.bluetoothOnmyBody;
				RESOURCES_TARGETED_DEVICE_FAMILY = "";
				SDKROOT = iphoneos;
				SUPPORTED_PLATFORMS = "iphonesimulator iphoneos";
				SUPPORTS_MACCATALYST = YES;
				SWIFT_OBJC_BRIDGING_HEADER = "Runner/Runner-Bridging-Header.h";
				SWIFT_VERSION = 5.0;
				TARGETED_DEVICE_FAMILY = "1,2";
				VALIDATE_PRODUCT = YES;
			};
			name = "Profile-dev";
		};
		531D388428A4451B00D8F26B /* Debug-dev */ = {
			isa = XCBuildConfiguration;
			baseConfigurationReference = BD043085DDE1FC997E98DDBF /* Pods-Runner.debug-dev.xcconfig */;
			buildSettings = {
				ALLOW_TARGET_PLATFORM_SPECIALIZATION = NO;
				ASSETCATALOG_COMPILER_ALTERNATE_APPICON_NAMES = prodAppIcon;
				ASSETCATALOG_COMPILER_APPICON_NAME = devAppIcon;
				ASSETCATALOG_COMPILER_INCLUDE_ALL_APPICON_ASSETS = NO;
				ASSET_PREFIX = "$(ASSET_PREFIX)";
				BUNDLE_NAME = "$(BUNDLE_NAME)";
				CODE_SIGN_ENTITLEMENTS = Runner/Runner.entitlements;
				CODE_SIGN_IDENTITY = "Apple Development";
				"CODE_SIGN_IDENTITY[sdk=macosx*]" = "Apple Development";
				CODE_SIGN_STYLE = Automatic;
				DEVELOPMENT_TEAM = 33BU599YAS;
				ENABLE_BITCODE = NO;
				"ENABLE_HARDENED_RUNTIME[sdk=macosx*]" = NO;
				ENABLE_PREVIEWS = YES;
				ENABLE_TESTABILITY = YES;
				ENABLE_TESTING_SEARCH_PATHS = YES;
				INFOPLIST_KEY_CFBundleDisplayName = "$(BUNDLE_NAME)";
				INFOPLIST_KEY_LSApplicationCategoryType = "public.app-category.utilities";
				LD_RUNPATH_SEARCH_PATHS = (
					"$(inherited)",
					"@executable_path/Frameworks",
				);
				PRODUCT_BUNDLE_IDENTIFIER = dev.fruitshop.bomb;
				PRODUCT_NAME = "$(BUNDLE_NAME)";
				PROVISIONING_PROFILE_SPECIFIER = "";
				"PROVISIONING_PROFILE_SPECIFIER[sdk=macosx*]" = "";
				SUPPORTED_PLATFORMS = "iphoneos iphonesimulator";
				SUPPORTS_MACCATALYST = YES;
				SUPPORTS_MAC_DESIGNED_FOR_IPHONE_IPAD = NO;
				TARGETED_DEVICE_FAMILY = "1,2";
			};
			name = "Debug-dev";
		};
		531D388528A4451B00D8F26B /* Profile-dev */ = {
			isa = XCBuildConfiguration;
			baseConfigurationReference = 99A624E3C73127469A3C834F /* Pods-Runner.profile-dev.xcconfig */;
			buildSettings = {
				ALLOW_TARGET_PLATFORM_SPECIALIZATION = NO;
				ASSETCATALOG_COMPILER_ALTERNATE_APPICON_NAMES = prodAppIcon;
				ASSETCATALOG_COMPILER_APPICON_NAME = devAppIcon;
				ASSETCATALOG_COMPILER_INCLUDE_ALL_APPICON_ASSETS = NO;
				ASSET_PREFIX = "$(ASSET_PREFIX)";
				BUNDLE_NAME = "$(BUNDLE_NAME)";
				CODE_SIGN_ENTITLEMENTS = Runner/Runner.entitlements;
				CODE_SIGN_IDENTITY = "Apple Development";
				"CODE_SIGN_IDENTITY[sdk=macosx*]" = "Apple Development";
				CODE_SIGN_STYLE = Automatic;
				DEVELOPMENT_TEAM = 33BU599YAS;
				ENABLE_BITCODE = NO;
				"ENABLE_HARDENED_RUNTIME[sdk=macosx*]" = NO;
				ENABLE_PREVIEWS = YES;
				ENABLE_TESTABILITY = YES;
				ENABLE_TESTING_SEARCH_PATHS = YES;
				INFOPLIST_KEY_CFBundleDisplayName = "$(BUNDLE_NAME)";
				INFOPLIST_KEY_LSApplicationCategoryType = "public.app-category.utilities";
				LD_RUNPATH_SEARCH_PATHS = (
					"$(inherited)",
					"@executable_path/Frameworks",
				);
				PRODUCT_BUNDLE_IDENTIFIER = dev.fruitshop.bomb;
				PRODUCT_NAME = "$(BUNDLE_NAME)";
				PROVISIONING_PROFILE_SPECIFIER = "";
				"PROVISIONING_PROFILE_SPECIFIER[sdk=macosx*]" = "";
				SUPPORTED_PLATFORMS = "iphoneos iphonesimulator";
				SUPPORTS_MACCATALYST = YES;
				SUPPORTS_MAC_DESIGNED_FOR_IPHONE_IPAD = NO;
				TARGETED_DEVICE_FAMILY = "1,2";
			};
			name = "Profile-dev";
		};
		531D388628A4451B00D8F26B /* Release-dev */ = {
			isa = XCBuildConfiguration;
			baseConfigurationReference = 20E1061A66C80067781551FE /* Pods-Runner.release-dev.xcconfig */;
			buildSettings = {
				ALLOW_TARGET_PLATFORM_SPECIALIZATION = NO;
				ASSETCATALOG_COMPILER_ALTERNATE_APPICON_NAMES = prodAppIcon;
				ASSETCATALOG_COMPILER_APPICON_NAME = devAppIcon;
				ASSETCATALOG_COMPILER_INCLUDE_ALL_APPICON_ASSETS = NO;
				ASSET_PREFIX = "$(ASSET_PREFIX)";
				BUNDLE_NAME = "$(BUNDLE_NAME)";
				CODE_SIGN_ENTITLEMENTS = Runner/Runner.entitlements;
				CODE_SIGN_IDENTITY = "Apple Development";
				"CODE_SIGN_IDENTITY[sdk=macosx*]" = "Apple Development";
				CODE_SIGN_STYLE = Automatic;
				DEVELOPMENT_TEAM = 33BU599YAS;
				ENABLE_BITCODE = NO;
				"ENABLE_HARDENED_RUNTIME[sdk=macosx*]" = NO;
				ENABLE_PREVIEWS = YES;
				ENABLE_TESTABILITY = YES;
				ENABLE_TESTING_SEARCH_PATHS = YES;
				INFOPLIST_KEY_CFBundleDisplayName = "$(BUNDLE_NAME)";
				INFOPLIST_KEY_LSApplicationCategoryType = "public.app-category.utilities";
				LD_RUNPATH_SEARCH_PATHS = (
					"$(inherited)",
					"@executable_path/Frameworks",
				);
				PRODUCT_BUNDLE_IDENTIFIER = dev.fruitshop.bomb;
				PRODUCT_NAME = "$(BUNDLE_NAME)";
				PROVISIONING_PROFILE_SPECIFIER = "";
				"PROVISIONING_PROFILE_SPECIFIER[sdk=macosx*]" = "";
				SUPPORTED_PLATFORMS = "iphoneos iphonesimulator";
				SUPPORTS_MACCATALYST = YES;
				SUPPORTS_MAC_DESIGNED_FOR_IPHONE_IPAD = NO;
				TARGETED_DEVICE_FAMILY = "1,2";
			};
			name = "Release-dev";
		};
		531D388728A4451B00D8F26B /* Debug-prod */ = {
			isa = XCBuildConfiguration;
			baseConfigurationReference = D04146B8F630B7414A2DDB63 /* Pods-Runner.debug-prod.xcconfig */;
			buildSettings = {
				ALLOW_TARGET_PLATFORM_SPECIALIZATION = NO;
				ASSETCATALOG_COMPILER_ALTERNATE_APPICON_NAMES = prodAppIcon;
				ASSETCATALOG_COMPILER_APPICON_NAME = prodAppIcon;
				ASSETCATALOG_COMPILER_INCLUDE_ALL_APPICON_ASSETS = NO;
				ASSET_PREFIX = "$(ASSET_PREFIX)";
				BUNDLE_NAME = "$(BUNDLE_NAME)";
				CODE_SIGN_ENTITLEMENTS = Runner/Runner.entitlements;
				CODE_SIGN_IDENTITY = "Apple Development";
				"CODE_SIGN_IDENTITY[sdk=macosx*]" = "Apple Development";
				CODE_SIGN_STYLE = Automatic;
				DEVELOPMENT_TEAM = 33BU599YAS;
				ENABLE_BITCODE = NO;
				"ENABLE_HARDENED_RUNTIME[sdk=macosx*]" = NO;
				ENABLE_PREVIEWS = YES;
				ENABLE_TESTABILITY = YES;
				ENABLE_TESTING_SEARCH_PATHS = YES;
				INFOPLIST_KEY_CFBundleDisplayName = "$(BUNDLE_NAME)";
				INFOPLIST_KEY_LSApplicationCategoryType = "public.app-category.utilities";
				LD_RUNPATH_SEARCH_PATHS = (
					"$(inherited)",
					"@executable_path/Frameworks",
				);
				PRODUCT_BUNDLE_IDENTIFIER = app.fruitshop.bomb;
				PRODUCT_NAME = "$(BUNDLE_NAME)";
				PROVISIONING_PROFILE_SPECIFIER = "";
				"PROVISIONING_PROFILE_SPECIFIER[sdk=macosx*]" = "";
				SUPPORTED_PLATFORMS = "iphoneos iphonesimulator";
				SUPPORTS_MACCATALYST = YES;
				SUPPORTS_MAC_DESIGNED_FOR_IPHONE_IPAD = NO;
				TARGETED_DEVICE_FAMILY = "1,2";
			};
			name = "Debug-prod";
		};
		531D388828A4451B00D8F26B /* Profile-prod */ = {
			isa = XCBuildConfiguration;
			baseConfigurationReference = 0D3390228B5A7AAB58843251 /* Pods-Runner.profile-prod.xcconfig */;
			buildSettings = {
				ALLOW_TARGET_PLATFORM_SPECIALIZATION = NO;
				ASSETCATALOG_COMPILER_ALTERNATE_APPICON_NAMES = prodAppIcon;
				ASSETCATALOG_COMPILER_APPICON_NAME = prodAppIcon;
				ASSETCATALOG_COMPILER_INCLUDE_ALL_APPICON_ASSETS = NO;
				ASSET_PREFIX = "$(ASSET_PREFIX)";
				BUNDLE_NAME = "$(BUNDLE_NAME)";
				CODE_SIGN_ENTITLEMENTS = Runner/Runner.entitlements;
				CODE_SIGN_IDENTITY = "Apple Development";
				"CODE_SIGN_IDENTITY[sdk=macosx*]" = "Apple Development";
				CODE_SIGN_STYLE = Automatic;
				DEVELOPMENT_TEAM = 33BU599YAS;
				ENABLE_BITCODE = NO;
				"ENABLE_HARDENED_RUNTIME[sdk=macosx*]" = NO;
				ENABLE_PREVIEWS = YES;
				ENABLE_TESTABILITY = YES;
				ENABLE_TESTING_SEARCH_PATHS = YES;
				INFOPLIST_KEY_CFBundleDisplayName = "$(BUNDLE_NAME)";
				INFOPLIST_KEY_LSApplicationCategoryType = "public.app-category.utilities";
				LD_RUNPATH_SEARCH_PATHS = (
					"$(inherited)",
					"@executable_path/Frameworks",
				);
				PRODUCT_BUNDLE_IDENTIFIER = app.fruitshop.bomb;
				PRODUCT_NAME = "$(BUNDLE_NAME)";
				PROVISIONING_PROFILE_SPECIFIER = "";
				"PROVISIONING_PROFILE_SPECIFIER[sdk=macosx*]" = "";
				SUPPORTED_PLATFORMS = "iphoneos iphonesimulator";
				SUPPORTS_MACCATALYST = YES;
				SUPPORTS_MAC_DESIGNED_FOR_IPHONE_IPAD = NO;
				TARGETED_DEVICE_FAMILY = "1,2";
			};
			name = "Profile-prod";
		};
		531D388928A4451B00D8F26B /* Release-prod */ = {
			isa = XCBuildConfiguration;
			baseConfigurationReference = 955D022375E19CDEA271652B /* Pods-Runner.release-prod.xcconfig */;
			buildSettings = {
				ALLOW_TARGET_PLATFORM_SPECIALIZATION = NO;
				ASSETCATALOG_COMPILER_ALTERNATE_APPICON_NAMES = prodAppIcon;
				ASSETCATALOG_COMPILER_APPICON_NAME = prodAppIcon;
				ASSETCATALOG_COMPILER_INCLUDE_ALL_APPICON_ASSETS = NO;
				ASSET_PREFIX = "$(ASSET_PREFIX)";
				BUNDLE_NAME = "$(BUNDLE_NAME)";
				CODE_SIGN_ENTITLEMENTS = Runner/Runner.entitlements;
				CODE_SIGN_IDENTITY = "Apple Development";
				"CODE_SIGN_IDENTITY[sdk=macosx*]" = "Apple Development";
				CODE_SIGN_STYLE = Automatic;
				DEVELOPMENT_TEAM = 33BU599YAS;
				ENABLE_BITCODE = NO;
				"ENABLE_HARDENED_RUNTIME[sdk=macosx*]" = NO;
				ENABLE_PREVIEWS = YES;
				ENABLE_TESTABILITY = NO;
				ENABLE_TESTING_SEARCH_PATHS = NO;
				INFOPLIST_KEY_CFBundleDisplayName = "$(BUNDLE_NAME)";
				INFOPLIST_KEY_LSApplicationCategoryType = "public.app-category.utilities";
				LD_RUNPATH_SEARCH_PATHS = (
					"$(inherited)",
					"@executable_path/Frameworks",
				);
				PRODUCT_BUNDLE_IDENTIFIER = app.fruitshop.bomb;
				PRODUCT_NAME = "$(BUNDLE_NAME)";
				PROVISIONING_PROFILE_SPECIFIER = "";
				"PROVISIONING_PROFILE_SPECIFIER[sdk=macosx*]" = "";
				SUPPORTED_PLATFORMS = "iphoneos iphonesimulator";
				SUPPORTS_MACCATALYST = YES;
				SUPPORTS_MAC_DESIGNED_FOR_IPHONE_IPAD = NO;
				TARGETED_DEVICE_FAMILY = "1,2";
			};
			name = "Release-prod";
		};
		8B6D336A812E24A30F4E40D2 /* Profile-prod */ = {
			isa = XCBuildConfiguration;
			baseConfigurationReference = 5388E71A28A58FEE006E797E /* prodProfile.xcconfig */;
			buildSettings = {
				ALLOW_TARGET_PLATFORM_SPECIALIZATION = YES;
				ALWAYS_SEARCH_USER_PATHS = NO;
				ASSETCATALOG_COMPILER_APPICON_NAME = "$(ASSET_PREFIX)AppIcon";
				CLANG_ANALYZER_NONNULL = YES;
				CLANG_CXX_LANGUAGE_STANDARD = "gnu++0x";
				CLANG_CXX_LIBRARY = "libc++";
				CLANG_ENABLE_MODULES = YES;
				CLANG_ENABLE_OBJC_ARC = YES;
				CLANG_WARN_BLOCK_CAPTURE_AUTORELEASING = YES;
				CLANG_WARN_BOOL_CONVERSION = YES;
				CLANG_WARN_COMMA = YES;
				CLANG_WARN_CONSTANT_CONVERSION = YES;
				CLANG_WARN_DEPRECATED_OBJC_IMPLEMENTATIONS = YES;
				CLANG_WARN_DIRECT_OBJC_ISA_USAGE = YES_ERROR;
				CLANG_WARN_EMPTY_BODY = YES;
				CLANG_WARN_ENUM_CONVERSION = YES;
				CLANG_WARN_INFINITE_RECURSION = YES;
				CLANG_WARN_INT_CONVERSION = YES;
				CLANG_WARN_NON_LITERAL_NULL_CONVERSION = YES;
				CLANG_WARN_OBJC_IMPLICIT_RETAIN_SELF = YES;
				CLANG_WARN_OBJC_LITERAL_CONVERSION = YES;
				CLANG_WARN_OBJC_ROOT_CLASS = YES_ERROR;
				CLANG_WARN_QUOTED_INCLUDE_IN_FRAMEWORK_HEADER = YES;
				CLANG_WARN_RANGE_LOOP_ANALYSIS = YES;
				CLANG_WARN_STRICT_PROTOTYPES = YES;
				CLANG_WARN_SUSPICIOUS_MOVE = YES;
				CLANG_WARN_UNREACHABLE_CODE = YES;
				CLANG_WARN__DUPLICATE_METHOD_MATCH = YES;
				"CODE_SIGN_IDENTITY[sdk=iphoneos*]" = "iPhone Developer";
				COPY_PHASE_STRIP = NO;
				DEBUG_INFORMATION_FORMAT = "dwarf-with-dsym";
				ENABLE_BITCODE = NO;
				ENABLE_NS_ASSERTIONS = NO;
				ENABLE_STRICT_OBJC_MSGSEND = YES;
				ENABLE_TESTABILITY = YES;
				FRAMEWORK_SEARCH_PATHS = (
					"$(inherited)",
					"$(PROJECT_DIR)/Flutter",
				);
				GCC_C_LANGUAGE_STANDARD = gnu99;
				GCC_NO_COMMON_BLOCKS = YES;
				GCC_WARN_64_TO_32_BIT_CONVERSION = YES;
				GCC_WARN_ABOUT_RETURN_TYPE = YES_ERROR;
				GCC_WARN_UNDECLARED_SELECTOR = YES;
				GCC_WARN_UNINITIALIZED_AUTOS = YES_AGGRESSIVE;
				GCC_WARN_UNUSED_FUNCTION = YES;
				GCC_WARN_UNUSED_VARIABLE = YES;
				INFOPLIST_FILE = Runner/Info.plist;
				IPHONEOS_DEPLOYMENT_TARGET = 12.0;
				LD_RUNPATH_SEARCH_PATHS = (
					"$(inherited)",
					"@executable_path/Frameworks",
				);
				LIBRARY_SEARCH_PATHS = (
					"$(inherited)",
					"$(PROJECT_DIR)/Flutter",
				);
				MTL_ENABLE_DEBUG_INFO = NO;
				PRODUCT_BUNDLE_IDENTIFIER = dev.fruitlab.bluetoothOnmyBody;
				RESOURCES_TARGETED_DEVICE_FAMILY = "";
				SDKROOT = iphoneos;
				SUPPORTED_PLATFORMS = "iphonesimulator iphoneos";
				SUPPORTS_MACCATALYST = YES;
				SWIFT_OBJC_BRIDGING_HEADER = "Runner/Runner-Bridging-Header.h";
				SWIFT_VERSION = 5.0;
				TARGETED_DEVICE_FAMILY = "1,2";
				VALIDATE_PRODUCT = YES;
			};
			name = "Profile-prod";
		};
		EBAB70AEA6F6A75232990B7C /* Release-prod */ = {
			isa = XCBuildConfiguration;
			baseConfigurationReference = 5388E71D28A58FEE006E797E /* prodRelease.xcconfig */;
			buildSettings = {
				ALLOW_TARGET_PLATFORM_SPECIALIZATION = YES;
				ALWAYS_SEARCH_USER_PATHS = NO;
				ASSETCATALOG_COMPILER_APPICON_NAME = "$(ASSET_PREFIX)AppIcon";
				CLANG_ANALYZER_NONNULL = YES;
				CLANG_CXX_LANGUAGE_STANDARD = "gnu++0x";
				CLANG_CXX_LIBRARY = "libc++";
				CLANG_ENABLE_MODULES = YES;
				CLANG_ENABLE_OBJC_ARC = YES;
				CLANG_WARN_BLOCK_CAPTURE_AUTORELEASING = YES;
				CLANG_WARN_BOOL_CONVERSION = YES;
				CLANG_WARN_COMMA = YES;
				CLANG_WARN_CONSTANT_CONVERSION = YES;
				CLANG_WARN_DEPRECATED_OBJC_IMPLEMENTATIONS = YES;
				CLANG_WARN_DIRECT_OBJC_ISA_USAGE = YES_ERROR;
				CLANG_WARN_EMPTY_BODY = YES;
				CLANG_WARN_ENUM_CONVERSION = YES;
				CLANG_WARN_INFINITE_RECURSION = YES;
				CLANG_WARN_INT_CONVERSION = YES;
				CLANG_WARN_NON_LITERAL_NULL_CONVERSION = YES;
				CLANG_WARN_OBJC_IMPLICIT_RETAIN_SELF = YES;
				CLANG_WARN_OBJC_LITERAL_CONVERSION = YES;
				CLANG_WARN_OBJC_ROOT_CLASS = YES_ERROR;
				CLANG_WARN_QUOTED_INCLUDE_IN_FRAMEWORK_HEADER = YES;
				CLANG_WARN_RANGE_LOOP_ANALYSIS = YES;
				CLANG_WARN_STRICT_PROTOTYPES = YES;
				CLANG_WARN_SUSPICIOUS_MOVE = YES;
				CLANG_WARN_UNREACHABLE_CODE = YES;
				CLANG_WARN__DUPLICATE_METHOD_MATCH = YES;
				"CODE_SIGN_IDENTITY[sdk=iphoneos*]" = "iPhone Developer";
				COPY_PHASE_STRIP = NO;
				DEBUG_INFORMATION_FORMAT = "dwarf-with-dsym";
				ENABLE_BITCODE = NO;
				ENABLE_NS_ASSERTIONS = NO;
				ENABLE_STRICT_OBJC_MSGSEND = YES;
				FRAMEWORK_SEARCH_PATHS = (
					"$(inherited)",
					"$(PROJECT_DIR)/Flutter",
				);
				GCC_C_LANGUAGE_STANDARD = gnu99;
				GCC_NO_COMMON_BLOCKS = YES;
				GCC_WARN_64_TO_32_BIT_CONVERSION = YES;
				GCC_WARN_ABOUT_RETURN_TYPE = YES_ERROR;
				GCC_WARN_UNDECLARED_SELECTOR = YES;
				GCC_WARN_UNINITIALIZED_AUTOS = YES_AGGRESSIVE;
				GCC_WARN_UNUSED_FUNCTION = YES;
				GCC_WARN_UNUSED_VARIABLE = YES;
				INFOPLIST_FILE = Runner/Info.plist;
				IPHONEOS_DEPLOYMENT_TARGET = 12.0;
				LD_RUNPATH_SEARCH_PATHS = (
					"$(inherited)",
					"@executable_path/Frameworks",
				);
				LIBRARY_SEARCH_PATHS = (
					"$(inherited)",
					"$(PROJECT_DIR)/Flutter",
				);
				MTL_ENABLE_DEBUG_INFO = NO;
				PRODUCT_BUNDLE_IDENTIFIER = dev.fruitlab.bluetoothOnmyBody;
				RESOURCES_TARGETED_DEVICE_FAMILY = "";
				SDKROOT = iphoneos;
				SUPPORTED_PLATFORMS = "iphonesimulator iphoneos";
				SUPPORTS_MACCATALYST = YES;
				SWIFT_COMPILATION_MODE = wholemodule;
				SWIFT_OBJC_BRIDGING_HEADER = "Runner/Runner-Bridging-Header.h";
				SWIFT_OPTIMIZATION_LEVEL = "-O";
				SWIFT_VERSION = 5.0;
				TARGETED_DEVICE_FAMILY = "1,2";
				VALIDATE_PRODUCT = YES;
			};
			name = "Release-prod";
		};
/* End XCBuildConfiguration section */

/* Begin XCConfigurationList section */
		97C146E91CF9000F007C117D /* Build configuration list for PBXProject "Runner" */ = {
			isa = XCConfigurationList;
			buildConfigurations = (
				1E2F01EE0CF785E9FB92D76C /* Debug-dev */,
				490846175ABDCE46364B703C /* Profile-dev */,
				1DBACC43775FC0D22C369632 /* Release-dev */,
				26FB30C3B454FE99340A9B6A /* Debug-prod */,
				8B6D336A812E24A30F4E40D2 /* Profile-prod */,
				EBAB70AEA6F6A75232990B7C /* Release-prod */,
			);
			defaultConfigurationIsVisible = 0;
			defaultConfigurationName = "Debug-dev";
		};
		97C147051CF9000F007C117D /* Build configuration list for PBXNativeTarget "Runner" */ = {
			isa = XCConfigurationList;
			buildConfigurations = (
				531D388428A4451B00D8F26B /* Debug-dev */,
				531D388528A4451B00D8F26B /* Profile-dev */,
				531D388628A4451B00D8F26B /* Release-dev */,
				531D388728A4451B00D8F26B /* Debug-prod */,
				531D388828A4451B00D8F26B /* Profile-prod */,
				531D388928A4451B00D8F26B /* Release-prod */,
			);
			defaultConfigurationIsVisible = 0;
			defaultConfigurationName = "Debug-dev";
		};
/* End XCConfigurationList section */
	};
	rootObject = 97C146E61CF9000F007C117D /* Project object */;
}
